// !$*UTF8*$!
{
	archiveVersion = 1;
	classes = {
	};
	objectVersion = 50;
	objects = {

/* Begin PBXBuildFile section */
		FA24F2C62698D686004BB4FF /* AppDelegate.swift in Sources */ = {isa = PBXBuildFile; fileRef = FA24F2C52698D686004BB4FF /* AppDelegate.swift */; };
		FA24F2C82698D686004BB4FF /* SceneDelegate.swift in Sources */ = {isa = PBXBuildFile; fileRef = FA24F2C72698D686004BB4FF /* SceneDelegate.swift */; };
		FA24F2CA2698D686004BB4FF /* ViewController.swift in Sources */ = {isa = PBXBuildFile; fileRef = FA24F2C92698D686004BB4FF /* ViewController.swift */; };
		FA24F2CD2698D686004BB4FF /* Main.storyboard in Resources */ = {isa = PBXBuildFile; fileRef = FA24F2CB2698D686004BB4FF /* Main.storyboard */; };
		FA24F2CF2698D687004BB4FF /* Assets.xcassets in Resources */ = {isa = PBXBuildFile; fileRef = FA24F2CE2698D687004BB4FF /* Assets.xcassets */; };
		FA24F2D22698D687004BB4FF /* LaunchScreen.storyboard in Resources */ = {isa = PBXBuildFile; fileRef = FA24F2D02698D687004BB4FF /* LaunchScreen.storyboard */; };
		FA24F2DB2698E62F004BB4FF /* Screenshot 2021-07-09 at 08.50.51.png in Resources */ = {isa = PBXBuildFile; fileRef = FA24F2DA2698E62F004BB4FF /* Screenshot 2021-07-09 at 08.50.51.png */; };
/* End PBXBuildFile section */

/* Begin PBXFileReference section */
		FA24F2C22698D686004BB4FF /* Detecting_current_device_and_Orientation.app */ = {isa = PBXFileReference; explicitFileType = wrapper.application; includeInIndex = 0; path = Detecting_current_device_and_Orientation.app; sourceTree = BUILT_PRODUCTS_DIR; };
		FA24F2C52698D686004BB4FF /* AppDelegate.swift */ = {isa = PBXFileReference; lastKnownFileType = sourcecode.swift; path = AppDelegate.swift; sourceTree = "<group>"; };
		FA24F2C72698D686004BB4FF /* SceneDelegate.swift */ = {isa = PBXFileReference; lastKnownFileType = sourcecode.swift; path = SceneDelegate.swift; sourceTree = "<group>"; };
		FA24F2C92698D686004BB4FF /* ViewController.swift */ = {isa = PBXFileReference; lastKnownFileType = sourcecode.swift; path = ViewController.swift; sourceTree = "<group>"; };
		FA24F2CC2698D686004BB4FF /* Base */ = {isa = PBXFileReference; lastKnownFileType = file.storyboard; name = Base; path = Base.lproj/Main.storyboard; sourceTree = "<group>"; };
		FA24F2CE2698D687004BB4FF /* Assets.xcassets */ = {isa = PBXFileReference; lastKnownFileType = folder.assetcatalog; path = Assets.xcassets; sourceTree = "<group>"; };
		FA24F2D12698D687004BB4FF /* Base */ = {isa = PBXFileReference; lastKnownFileType = file.storyboard; name = Base; path = Base.lproj/LaunchScreen.storyboard; sourceTree = "<group>"; };
		FA24F2D32698D687004BB4FF /* Info.plist */ = {isa = PBXFileReference; lastKnownFileType = text.plist.xml; path = Info.plist; sourceTree = "<group>"; };
		FA24F2DA2698E62F004BB4FF /* Screenshot 2021-07-09 at 08.50.51.png */ = {isa = PBXFileReference; lastKnownFileType = image.png; path = "Screenshot 2021-07-09 at 08.50.51.png"; sourceTree = "<group>"; };
/* End PBXFileReference section */

/* Begin PBXFrameworksBuildPhase section */
		FA24F2BF2698D686004BB4FF /* Frameworks */ = {
			isa = PBXFrameworksBuildPhase;
			buildActionMask = 2147483647;
			files = (
			);
			runOnlyForDeploymentPostprocessing = 0;
		};
/* End PBXFrameworksBuildPhase section */

/* Begin PBXGroup section */
		FA24F2B92698D686004BB4FF = {
			isa = PBXGroup;
			children = (
				FA24F2C42698D686004BB4FF /* Detecting_current_device_and_Orientation */,
				FA24F2C32698D686004BB4FF /* Products */,
			);
			sourceTree = "<group>";
		};
		FA24F2C32698D686004BB4FF /* Products */ = {
			isa = PBXGroup;
			children = (
				FA24F2C22698D686004BB4FF /* Detecting_current_device_and_Orientation.app */,
			);
			name = Products;
			sourceTree = "<group>";
		};
		FA24F2C42698D686004BB4FF /* Detecting_current_device_and_Orientation */ = {
			isa = PBXGroup;
			children = (
				FA24F2C52698D686004BB4FF /* AppDelegate.swift */,
				FA24F2C72698D686004BB4FF /* SceneDelegate.swift */,
				FA24F2C92698D686004BB4FF /* ViewController.swift */,
				FA24F2CB2698D686004BB4FF /* Main.storyboard */,
				FA24F2CE2698D687004BB4FF /* Assets.xcassets */,
				FA24F2DA2698E62F004BB4FF /* Screenshot 2021-07-09 at 08.50.51.png */,
				FA24F2D02698D687004BB4FF /* LaunchScreen.storyboard */,
				FA24F2D32698D687004BB4FF /* Info.plist */,
			);
			path = Detecting_current_device_and_Orientation;
			sourceTree = "<group>";
		};
/* End PBXGroup section */

/* Begin PBXNativeTarget section */
		FA24F2C12698D686004BB4FF /* Detecting_current_device_and_Orientation */ = {
			isa = PBXNativeTarget;
			buildConfigurationList = FA24F2D62698D687004BB4FF /* Build configuration list for PBXNativeTarget "Detecting_current_device_and_Orientation" */;
			buildPhases = (
				FA24F2BE2698D686004BB4FF /* Sources */,
				FA24F2BF2698D686004BB4FF /* Frameworks */,
				FA24F2C02698D686004BB4FF /* Resources */,
			);
			buildRules = (
			);
			dependencies = (
			);
			name = Detecting_current_device_and_Orientation;
			productName = Detecting_current_device_and_Orientation;
			productReference = FA24F2C22698D686004BB4FF /* Detecting_current_device_and_Orientation.app */;
			productType = "com.apple.product-type.application";
		};
/* End PBXNativeTarget section */

/* Begin PBXProject section */
		FA24F2BA2698D686004BB4FF /* Project object */ = {
			isa = PBXProject;
			attributes = {
				LastSwiftUpdateCheck = 1240;
				LastUpgradeCheck = 1240;
				TargetAttributes = {
					FA24F2C12698D686004BB4FF = {
						CreatedOnToolsVersion = 12.4;
					};
				};
			};
			buildConfigurationList = FA24F2BD2698D686004BB4FF /* Build configuration list for PBXProject "Detecting_current_device_and_Orientation" */;
			compatibilityVersion = "Xcode 9.3";
			developmentRegion = en;
			hasScannedForEncodings = 0;
			knownRegions = (
				en,
				Base,
			);
			mainGroup = FA24F2B92698D686004BB4FF;
			productRefGroup = FA24F2C32698D686004BB4FF /* Products */;
			projectDirPath = "";
			projectRoot = "";
			targets = (
				FA24F2C12698D686004BB4FF /* Detecting_current_device_and_Orientation */,
			);
		};
/* End PBXProject section */

/* Begin PBXResourcesBuildPhase section */
		FA24F2C02698D686004BB4FF /* Resources */ = {
			isa = PBXResourcesBuildPhase;
			buildActionMask = 2147483647;
			files = (
				FA24F2D22698D687004BB4FF /* LaunchScreen.storyboard in Resources */,
				FA24F2DB2698E62F004BB4FF /* Screenshot 2021-07-09 at 08.50.51.png in Resources */,
				FA24F2CF2698D687004BB4FF /* Assets.xcassets in Resources */,
				FA24F2CD2698D686004BB4FF /* Main.storyboard in Resources */,
			);
			runOnlyForDeploymentPostprocessing = 0;
		};
/* End PBXResourcesBuildPhase section */

/* Begin PBXSourcesBuildPhase section */
		FA24F2BE2698D686004BB4FF /* Sources */ = {
			isa = PBXSourcesBuildPhase;
			buildActionMask = 2147483647;
			files = (
				FA24F2CA2698D686004BB4FF /* ViewController.swift in Sources */,
				FA24F2C62698D686004BB4FF /* AppDelegate.swift in Sources */,
				FA24F2C82698D686004BB4FF /* SceneDelegate.swift in Sources */,
			);
			runOnlyForDeploymentPostprocessing = 0;
		};
/* End PBXSourcesBuildPhase section */

/* Begin PBXVariantGroup section */
		FA24F2CB2698D686004BB4FF /* Main.storyboard */ = {
			isa = PBXVariantGroup;
			children = (
				FA24F2CC2698D686004BB4FF /* Base */,
			);
			name = Main.storyboard;
			sourceTree = "<group>";
		};
		FA24F2D02698D687004BB4FF /* LaunchScreen.storyboard */ = {
			isa = PBXVariantGroup;
			children = (
				FA24F2D12698D687004BB4FF /* Base */,
			);
			name = LaunchScreen.storyboard;
			sourceTree = "<group>";
		};
/* End PBXVariantGroup section */

/* Begin XCBuildConfiguration section */
		FA24F2D42698D687004BB4FF /* Debug */ = {
			isa = XCBuildConfiguration;
			buildSettings = {
				ALWAYS_SEARCH_USER_PATHS = NO;
				CLANG_ANALYZER_NONNULL = YES;
				CLANG_ANALYZER_NUMBER_OBJECT_CONVERSION = YES_AGGRESSIVE;
				CLANG_CXX_LANGUAGE_STANDARD = "gnu++14";
				CLANG_CXX_LIBRARY = "libc++";
				CLANG_ENABLE_MODULES = YES;
				CLANG_ENABLE_OBJC_ARC = YES;
				CLANG_ENABLE_OBJC_WEAK = YES;
				CLANG_WARN_BLOCK_CAPTURE_AUTORELEASING = YES;
				CLANG_WARN_BOOL_CONVERSION = YES;
				CLANG_WARN_COMMA = YES;
				CLANG_WARN_CONSTANT_CONVERSION = YES;
				CLANG_WARN_DEPRECATED_OBJC_IMPLEMENTATIONS = YES;
				CLANG_WARN_DIRECT_OBJC_ISA_USAGE = YES_ERROR;
				CLANG_WARN_DOCUMENTATION_COMMENTS = YES;
				CLANG_WARN_EMPTY_BODY = YES;
				CLANG_WARN_ENUM_CONVERSION = YES;
				CLANG_WARN_INFINITE_RECURSION = YES;
				CLANG_WARN_INT_CONVERSION = YES;
				CLANG_WARN_NON_LITERAL_NULL_CONVERSION = YES;
				CLANG_WARN_OBJC_IMPLICIT_RETAIN_SELF = YES;
				CLANG_WARN_OBJC_LITERAL_CONVERSION = YES;
				CLANG_WARN_OBJC_ROOT_CLASS = YES_ERROR;
				CLANG_WARN_QUOTED_INCLUDE_IN_FRAMEWORK_HEADER = YES;
				CLANG_WARN_RANGE_LOOP_ANALYSIS = YES;
				CLANG_WARN_STRICT_PROTOTYPES = YES;
				CLANG_WARN_SUSPICIOUS_MOVE = YES;
				CLANG_WARN_UNGUARDED_AVAILABILITY = YES_AGGRESSIVE;
				CLANG_WARN_UNREACHABLE_CODE = YES;
				CLANG_WARN__DUPLICATE_METHOD_MATCH = YES;
				COPY_PHASE_STRIP = NO;
				DEBUG_INFORMATION_FORMAT = dwarf;
				ENABLE_STRICT_OBJC_MSGSEND = YES;
				ENABLE_TESTABILITY = YES;
				GCC_C_LANGUAGE_STANDARD = gnu11;
				GCC_DYNAMIC_NO_PIC = NO;
				GCC_NO_COMMON_BLOCKS = YES;
				GCC_OPTIMIZATION_LEVEL = 0;
				GCC_PREPROCESSOR_DEFINITIONS = (
					"DEBUG=1",
					"$(inherited)",
				);
				GCC_WARN_64_TO_32_BIT_CONVERSION = YES;
				GCC_WARN_ABOUT_RETURN_TYPE = YES_ERROR;
				GCC_WARN_UNDECLARED_SELECTOR = YES;
				GCC_WARN_UNINITIALIZED_AUTOS = YES_AGGRESSIVE;
				GCC_WARN_UNUSED_FUNCTION = YES;
				GCC_WARN_UNUSED_VARIABLE = YES;
				IPHONEOS_DEPLOYMENT_TARGET = 14.4;
				MTL_ENABLE_DEBUG_INFO = INCLUDE_SOURCE;
				MTL_FAST_MATH = YES;
				ONLY_ACTIVE_ARCH = YES;
				SDKROOT = iphoneos;
				SWIFT_ACTIVE_COMPILATION_CONDITIONS = DEBUG;
				SWIFT_OPTIMIZATION_LEVEL = "-Onone";
			};
			name = Debug;
		};
		FA24F2D52698D687004BB4FF /* Release */ = {
			isa = XCBuildConfiguration;
			buildSettings = {
				ALWAYS_SEARCH_USER_PATHS = NO;
				CLANG_ANALYZER_NONNULL = YES;
				CLANG_ANALYZER_NUMBER_OBJECT_CONVERSION = YES_AGGRESSIVE;
				CLANG_CXX_LANGUAGE_STANDARD = "gnu++14";
				CLANG_CXX_LIBRARY = "libc++";
				CLANG_ENABLE_MODULES = YES;
				CLANG_ENABLE_OBJC_ARC = YES;
				CLANG_ENABLE_OBJC_WEAK = YES;
				CLANG_WARN_BLOCK_CAPTURE_AUTORELEASING = YES;
				CLANG_WARN_BOOL_CONVERSION = YES;
				CLANG_WARN_COMMA = YES;
				CLANG_WARN_CONSTANT_CONVERSION = YES;
				CLANG_WARN_DEPRECATED_OBJC_IMPLEMENTATIONS = YES;
				CLANG_WARN_DIRECT_OBJC_ISA_USAGE = YES_ERROR;
				CLANG_WARN_DOCUMENTATION_COMMENTS = YES;
				CLANG_WARN_EMPTY_BODY = YES;
				CLANG_WARN_ENUM_CONVERSION = YES;
				CLANG_WARN_INFINITE_RECURSION = YES;
				CLANG_WARN_INT_CONVERSION = YES;
				CLANG_WARN_NON_LITERAL_NULL_CONVERSION = YES;
				CLANG_WARN_OBJC_IMPLICIT_RETAIN_SELF = YES;
				CLANG_WARN_OBJC_LITERAL_CONVERSION = YES;
				CLANG_WARN_OBJC_ROOT_CLASS = YES_ERROR;
				CLANG_WARN_QUOTED_INCLUDE_IN_FRAMEWORK_HEADER = YES;
				CLANG_WARN_RANGE_LOOP_ANALYSIS = YES;
				CLANG_WARN_STRICT_PROTOTYPES = YES;
				CLANG_WARN_SUSPICIOUS_MOVE = YES;
				CLANG_WARN_UNGUARDED_AVAILABILITY = YES_AGGRESSIVE;
				CLANG_WARN_UNREACHABLE_CODE = YES;
				CLANG_WARN__DUPLICATE_METHOD_MATCH = YES;
				COPY_PHASE_STRIP = NO;
				DEBUG_INFORMATION_FORMAT = "dwarf-with-dsym";
				ENABLE_NS_ASSERTIONS = NO;
				ENABLE_STRICT_OBJC_MSGSEND = YES;
				GCC_C_LANGUAGE_STANDARD = gnu11;
				GCC_NO_COMMON_BLOCKS = YES;
				GCC_WARN_64_TO_32_BIT_CONVERSION = YES;
				GCC_WARN_ABOUT_RETURN_TYPE = YES_ERROR;
				GCC_WARN_UNDECLARED_SELECTOR = YES;
				GCC_WARN_UNINITIALIZED_AUTOS = YES_AGGRESSIVE;
				GCC_WARN_UNUSED_FUNCTION = YES;
				GCC_WARN_UNUSED_VARIABLE = YES;
				IPHONEOS_DEPLOYMENT_TARGET = 14.4;
				MTL_ENABLE_DEBUG_INFO = NO;
				MTL_FAST_MATH = YES;
				SDKROOT = iphoneos;
				SWIFT_COMPILATION_MODE = wholemodule;
				SWIFT_OPTIMIZATION_LEVEL = "-O";
				VALIDATE_PRODUCT = YES;
			};
			name = Release;
		};
		FA24F2D72698D687004BB4FF /* Debug */ = {
			isa = XCBuildConfiguration;
			buildSettings = {
				ASSETCATALOG_COMPILER_APPICON_NAME = AppIcon;
				ASSETCATALOG_COMPILER_GLOBAL_ACCENT_COLOR_NAME = AccentColor;
				CODE_SIGN_STYLE = Automatic;
				INFOPLIST_FILE = Detecting_current_device_and_Orientation/Info.plist;
				LD_RUNPATH_SEARCH_PATHS = (
					"$(inherited)",
					"@executable_path/Frameworks",
				);
				PRODUCT_BUNDLE_IDENTIFIER = "com.Krish.Detecting-current-device-and-Orientation";
				PRODUCT_NAME = "$(TARGET_NAME)";
				SWIFT_VERSION = 5.0;
				TARGETED_DEVICE_FAMILY = "1,2";
			};
			name = Debug;
		};
		FA24F2D82698D687004BB4FF /* Release */ = {
			isa = XCBuildConfiguration;
			buildSettings = {
				ASSETCATALOG_COMPILER_APPICON_NAME = AppIcon;
				ASSETCATALOG_COMPILER_GLOBAL_ACCENT_COLOR_NAME = AccentColor;
				CODE_SIGN_STYLE = Automatic;
				INFOPLIST_FILE = Detecting_current_device_and_Orientation/Info.plist;
				LD_RUNPATH_SEARCH_PATHS = (
					"$(inherited)",
					"@executable_path/Frameworks",
				);
				PRODUCT_BUNDLE_IDENTIFIER = "com.Krish.Detecting-current-device-and-Orientation";
				PRODUCT_NAME = "$(TARGET_NAME)";
				SWIFT_VERSION = 5.0;
				TARGETED_DEVICE_FAMILY = "1,2";
			};
			name = Release;
		};
/* End XCBuildConfiguration section */

/* Begin XCConfigurationList section */
		FA24F2BD2698D686004BB4FF /* Build configuration list for PBXProject "Detecting_current_device_and_Orientation" */ = {
			isa = XCConfigurationList;
			buildConfigurations = (
				FA24F2D42698D687004BB4FF /* Debug */,
				FA24F2D52698D687004BB4FF /* Release */,
			);
			defaultConfigurationIsVisible = 0;
			defaultConfigurationName = Release;
		};
		FA24F2D62698D687004BB4FF /* Build configuration list for PBXNativeTarget "Detecting_current_device_and_Orientation" */ = {
			isa = XCConfigurationList;
			buildConfigurations = (
				FA24F2D72698D687004BB4FF /* Debug */,
				FA24F2D82698D687004BB4FF /* Release */,
			);
			defaultConfigurationIsVisible = 0;
			defaultConfigurationName = Release;
		};
/* End XCConfigurationList section */
	};
	rootObject = FA24F2BA2698D686004BB4FF /* Project object */;
}
